
Microsoft Visual Studio Solution File, Format Version 12.00
# Visual Studio Version 16
VisualStudioVersion = 16.0.29709.97
MinimumVisualStudioVersion = 10.0.40219.1
Project("{FAE04EC0-301F-11D3-BF4B-00C04F79EFBC}") = "Sample_Test", "Sample_Test.csproj", "{0F4C4A39-B5BF-4DC7-8B98-A59EECEB9C0C}"
EndProject
Global
	GlobalSection(SolutionConfigurationPlatforms) = preSolution
		Debug|Any CPU = Debug|Any CPU
		Release|Any CPU = Release|Any CPU
	EndGlobalSection
	GlobalSection(ProjectConfigurationPlatforms) = postSolution
		{0F4C4A39-B5BF-4DC7-8B98-A59EECEB9C0C}.Debug|Any CPU.ActiveCfg = Debug|Any CPU
		{0F4C4A39-B5BF-4DC7-8B98-A59EECEB9C0C}.Debug|Any CPU.Build.0 = Debug|Any CPU
		{0F4C4A39-B5BF-4DC7-8B98-A59EECEB9C0C}.Release|Any CPU.ActiveCfg = Release|Any CPU
		{0F4C4A39-B5BF-4DC7-8B98-A59EECEB9C0C}.Release|Any CPU.Build.0 = Release|Any CPU
	EndGlobalSection
	GlobalSection(SolutionProperties) = preSolution
		HideSolutionNode = FALSE
	EndGlobalSection
	GlobalSection(ExtensibilityGlobals) = postSolution
		SolutionGuid = {77068BB2-6D13-4DF6-964C-0583F39629AB}
	EndGlobalSection
EndGlobal
